
Microsoft Visual Studio Solution File, Format Version 12.00
# Visual Studio Version 17
VisualStudioVersion = 17.5.002.0
MinimumVisualStudioVersion = 10.0.40219.1
Project("{9A19103F-16F7-4668-BE54-9A1E7A4F7556}") = "practice_1", "practice_1.csproj", "{3EBEDEAC-2802-4B4E-A912-22520D9B10E6}"
EndProject
Global
	GlobalSection(SolutionConfigurationPlatforms) = preSolution
		Debug|Any CPU = Debug|Any CPU
		Release|Any CPU = Release|Any CPU
	EndGlobalSection
	GlobalSection(ProjectConfigurationPlatforms) = postSolution
		{3EBEDEAC-2802-4B4E-A912-22520D9B10E6}.Debug|Any CPU.ActiveCfg = Debug|Any CPU
		{3EBEDEAC-2802-4B4E-A912-22520D9B10E6}.Debug|Any CPU.Build.0 = Debug|Any CPU
		{3EBEDEAC-2802-4B4E-A912-22520D9B10E6}.Release|Any CPU.ActiveCfg = Release|Any CPU
		{3EBEDEAC-2802-4B4E-A912-22520D9B10E6}.Release|Any CPU.Build.0 = Release|Any CPU
	EndGlobalSection
	GlobalSection(SolutionProperties) = preSolution
		HideSolutionNode = FALSE
	EndGlobalSection
	GlobalSection(ExtensibilityGlobals) = postSolution
		SolutionGuid = {E9ECCFA4-BFD4-48EF-8489-FECDCD9AA0FD}
	EndGlobalSection
EndGlobal
